{
  "version": 4,
  "terraform_version": "1.9.2",
  "serial": 317,
  "lineage": "b04ed087-1049-3d26-f6d5-33c9b3a70e5e",
  "outputs": {},
  "resources": [
    {
      "mode": "managed",
      "type": "aws_athena_database",
      "name": "athena_db",
      "provider": "provider[\"registry.terraform.io/hashicorp/aws\"]",
      "instances": [
        {
          "schema_version": 0,
          "attributes": {
            "acl_configuration": [],
            "bucket": "isb-raw-data-athena-output",
            "comment": "",
            "encryption_configuration": [],
            "expected_bucket_owner": null,
            "force_destroy": false,
            "id": "s3jsondb",
            "name": "s3jsondb",
            "properties": null
          },
          "sensitive_attributes": [],
          "private": "bnVsbA=="
        }
      ]
    },
    {
      "mode": "managed",
      "type": "aws_athena_workgroup",
      "name": "athena_workgroup",
      "provider": "provider[\"registry.terraform.io/hashicorp/aws\"]",
      "instances": [
        {
          "schema_version": 0,
          "attributes": {
            "arn": "arn:aws:athena:ap-southeast-1:554303516766:workgroup/JsonQuery",
            "configuration": [
              {
                "bytes_scanned_cutoff_per_query": 0,
                "enforce_workgroup_configuration": true,
                "engine_version": [
                  {
                    "effective_engine_version": "Athena engine version 3",
                    "selected_engine_version": "AUTO"
                  }
                ],
                "execution_role": "",
                "publish_cloudwatch_metrics_enabled": true,
                "requester_pays_enabled": false,
                "result_configuration": [
                  {
                    "acl_configuration": [],
                    "encryption_configuration": [],
                    "expected_bucket_owner": "",
                    "output_location": "s3://isb-raw-data-athena-output/"
                  }
                ]
              }
            ],
            "description": "",
            "force_destroy": false,
            "id": "JsonQuery",
            "name": "JsonQuery",
            "state": "ENABLED",
            "tags": null,
            "tags_all": {}
          },
          "sensitive_attributes": [],
          "private": "bnVsbA=="
        }
      ]
    },
    {
      "mode": "managed",
      "type": "aws_glue_catalog_table",
      "name": "athena_table_attempts",
      "provider": "provider[\"registry.terraform.io/hashicorp/aws\"]",
      "instances": [
        {
          "schema_version": 0,
          "attributes": {
            "arn": "arn:aws:glue:ap-southeast-1:554303516766:table/s3jsondb/attemptstaken",
            "catalog_id": "554303516766",
            "database_name": "s3jsondb",
            "description": "",
            "id": "554303516766:s3jsondb:attemptstaken",
            "name": "attemptstaken",
            "owner": "",
            "parameters": {
              "classification": "json"
            },
            "partition_index": null,
            "partition_keys": [],
            "retention": 0,
            "storage_descriptor": [
              {
                "bucket_columns": null,
                "columns": [
                  {
                    "comment": "",
                    "name": "userid",
                    "parameters": null,
                    "type": "string"
                  },
                  {
                    "comment": "",
                    "name": "eventtype",
                    "parameters": null,
                    "type": "string"
                  },
                  {
                    "comment": "",
                    "name": "timestamp",
                    "parameters": null,
                    "type": "string"
                  },
                  {
                    "comment": "",
                    "name": "sectionid",
                    "parameters": null,
                    "type": "string"
                  },
                  {
                    "comment": "",
                    "name": "quizid",
                    "parameters": null,
                    "type": "string"
                  },
                  {
                    "comment": "",
                    "name": "questionno",
                    "parameters": null,
                    "type": "int"
                  },
                  {
                    "comment": "",
                    "name": "attempts",
                    "parameters": null,
                    "type": "int"
                  }
                ],
                "compressed": false,
                "input_format": "org.apache.hadoop.mapred.TextInputFormat",
                "location": "s3://isb-raw-data-athena/attemptsTaken/",
                "number_of_buckets": 0,
                "output_format": "org.apache.hadoop.hive.ql.io.HiveIgnoreKeyTextOutputFormat",
                "parameters": null,
                "schema_reference": [],
                "ser_de_info": [
                  {
                    "name": "",
                    "parameters": {
                      "case.insensitive": "TRUE",
                      "dots.in.keys": "FALSE",
                      "ignore.malformed.json": "FALSE",
                      "mapping": "TRUE"
                    },
                    "serialization_library": "org.openx.data.jsonserde.JsonSerDe"
                  }
                ],
                "skewed_info": [],
                "sort_columns": [],
                "stored_as_sub_directories": false
              }
            ],
            "table_type": "EXTERNAL_TABLE",
            "target_table": [],
            "view_expanded_text": "",
            "view_original_text": ""
          },
          "sensitive_attributes": [],
          "private": "bnVsbA==",
          "dependencies": [
            "aws_athena_database.athena_db"
          ]
        }
      ]
    },
    {
      "mode": "managed",
      "type": "aws_glue_catalog_table",
      "name": "athena_table_feedback",
      "provider": "provider[\"registry.terraform.io/hashicorp/aws\"]",
      "instances": [
        {
          "schema_version": 0,
          "attributes": {
            "arn": "arn:aws:glue:ap-southeast-1:554303516766:table/s3jsondb/feedback",
            "catalog_id": "554303516766",
            "database_name": "s3jsondb",
            "description": "",
            "id": "554303516766:s3jsondb:feedback",
            "name": "feedback",
            "owner": "",
            "parameters": {
              "classification": "json"
            },
            "partition_index": null,
            "partition_keys": [],
            "retention": 0,
            "storage_descriptor": [
              {
                "bucket_columns": null,
                "columns": [
                  {
                    "comment": "",
                    "name": "userid",
                    "parameters": null,
                    "type": "string"
                  },
                  {
                    "comment": "",
                    "name": "eventtype",
                    "parameters": null,
                    "type": "string"
                  },
                  {
                    "comment": "",
                    "name": "timestamp",
                    "parameters": null,
                    "type": "string"
                  },
                  {
                    "comment": "",
                    "name": "rating",
                    "parameters": null,
                    "type": "int"
                  },
                  {
                    "comment": "",
                    "name": "message",
                    "parameters": null,
                    "type": "string"
                  }
                ],
                "compressed": false,
                "input_format": "org.apache.hadoop.mapred.TextInputFormat",
                "location": "s3://isb-raw-data-athena/feedback/",
                "number_of_buckets": 0,
                "output_format": "org.apache.hadoop.hive.ql.io.HiveIgnoreKeyTextOutputFormat",
                "parameters": null,
                "schema_reference": [],
                "ser_de_info": [
                  {
                    "name": "",
                    "parameters": {
                      "case.insensitive": "TRUE",
                      "dots.in.keys": "FALSE",
                      "ignore.malformed.json": "FALSE",
                      "mapping": "TRUE"
                    },
                    "serialization_library": "org.openx.data.jsonserde.JsonSerDe"
                  }
                ],
                "skewed_info": [],
                "sort_columns": [],
                "stored_as_sub_directories": false
              }
            ],
            "table_type": "EXTERNAL_TABLE",
            "target_table": [],
            "view_expanded_text": "",
            "view_original_text": ""
          },
          "sensitive_attributes": [],
          "private": "bnVsbA==",
          "dependencies": [
            "aws_athena_database.athena_db"
          ]
        }
      ]
    },
    {
      "mode": "managed",
      "type": "aws_glue_catalog_table",
      "name": "athena_table_interactions",
      "provider": "provider[\"registry.terraform.io/hashicorp/aws\"]",
      "instances": [
        {
          "schema_version": 0,
          "attributes": {
            "arn": "arn:aws:glue:ap-southeast-1:554303516766:table/s3jsondb/interactions",
            "catalog_id": "554303516766",
            "database_name": "s3jsondb",
            "description": "",
            "id": "554303516766:s3jsondb:interactions",
            "name": "interactions",
            "owner": "",
            "parameters": {
              "classification": "json"
            },
            "partition_index": null,
            "partition_keys": [],
            "retention": 0,
            "storage_descriptor": [
              {
                "bucket_columns": null,
                "columns": [
                  {
                    "comment": "",
                    "name": "userid",
                    "parameters": null,
                    "type": "string"
                  },
                  {
                    "comment": "",
                    "name": "eventtype",
                    "parameters": null,
                    "type": "string"
                  },
                  {
                    "comment": "",
                    "name": "timestamp",
                    "parameters": null,
                    "type": "string"
                  },
                  {
                    "comment": "",
                    "name": "sectionid",
                    "parameters": null,
                    "type": "string"
                  },
                  {
                    "comment": "",
                    "name": "unitid",
                    "parameters": null,
                    "type": "string"
                  },
                  {
                    "comment": "",
                    "name": "count",
                    "parameters": null,
                    "type": "int"
                  }
                ],
                "compressed": false,
                "input_format": "org.apache.hadoop.mapred.TextInputFormat",
                "location": "s3://isb-raw-data-athena/numberOfInteractions/",
                "number_of_buckets": 0,
                "output_format": "org.apache.hadoop.hive.ql.io.HiveIgnoreKeyTextOutputFormat",
                "parameters": null,
                "schema_reference": [],
                "ser_de_info": [
                  {
                    "name": "",
                    "parameters": {
                      "case.insensitive": "TRUE",
                      "dots.in.keys": "FALSE",
                      "ignore.malformed.json": "FALSE",
                      "mapping": "TRUE"
                    },
                    "serialization_library": "org.openx.data.jsonserde.JsonSerDe"
                  }
                ],
                "skewed_info": [],
                "sort_columns": [],
                "stored_as_sub_directories": false
              }
            ],
            "table_type": "EXTERNAL_TABLE",
            "target_table": [],
            "view_expanded_text": "",
            "view_original_text": ""
          },
          "sensitive_attributes": [],
          "private": "bnVsbA==",
          "dependencies": [
            "aws_athena_database.athena_db"
          ]
        }
      ]
    },
    {
      "mode": "managed",
      "type": "aws_glue_catalog_table",
      "name": "athena_table_time",
      "provider": "provider[\"registry.terraform.io/hashicorp/aws\"]",
      "instances": [
        {
          "schema_version": 0,
          "attributes": {
            "arn": "arn:aws:glue:ap-southeast-1:554303516766:table/s3jsondb/timetaken",
            "catalog_id": "554303516766",
            "database_name": "s3jsondb",
            "description": "",
            "id": "554303516766:s3jsondb:timetaken",
            "name": "timetaken",
            "owner": "",
            "parameters": {
              "classification": "json"
            },
            "partition_index": null,
            "partition_keys": [],
            "retention": 0,
            "storage_descriptor": [
              {
                "bucket_columns": null,
                "columns": [
                  {
                    "comment": "",
                    "name": "userid",
                    "parameters": null,
                    "type": "string"
                  },
                  {
                    "comment": "",
                    "name": "eventtype",
                    "parameters": null,
                    "type": "string"
                  },
                  {
                    "comment": "",
                    "name": "timestamp",
                    "parameters": null,
                    "type": "string"
                  },
                  {
                    "comment": "",
                    "name": "sectionid",
                    "parameters": null,
                    "type": "string"
                  },
                  {
                    "comment": "",
                    "name": "unitid",
                    "parameters": null,
                    "type": "string"
                  },
                  {
                    "comment": "",
                    "name": "lessonid",
                    "parameters": null,
                    "type": "string"
                  },
                  {
                    "comment": "",
                    "name": "event",
                    "parameters": null,
                    "type": "string"
                  },
                  {
                    "comment": "",
                    "name": "time",
                    "parameters": null,
                    "type": "int"
                  }
                ],
                "compressed": false,
                "input_format": "org.apache.hadoop.mapred.TextInputFormat",
                "location": "s3://isb-raw-data-athena/timeTaken/",
                "number_of_buckets": 0,
                "output_format": "org.apache.hadoop.hive.ql.io.HiveIgnoreKeyTextOutputFormat",
                "parameters": null,
                "schema_reference": [],
                "ser_de_info": [
                  {
                    "name": "",
                    "parameters": {
                      "case.insensitive": "TRUE",
                      "dots.in.keys": "FALSE",
                      "ignore.malformed.json": "FALSE",
                      "mapping": "TRUE"
                    },
                    "serialization_library": "org.openx.data.jsonserde.JsonSerDe"
                  }
                ],
                "skewed_info": [],
                "sort_columns": [],
                "stored_as_sub_directories": false
              }
            ],
            "table_type": "EXTERNAL_TABLE",
            "target_table": [],
            "view_expanded_text": "",
            "view_original_text": ""
          },
          "sensitive_attributes": [],
          "private": "bnVsbA==",
          "dependencies": [
            "aws_athena_database.athena_db"
          ]
        }
      ]
    }
  ],
  "check_results": null
}
